// !$*UTF8*$!
{
	archiveVersion = 1;
	classes = {
	};
	objectVersion = 77;
	objects = {

/* Begin PBXBuildFile section */
		01C3FE787C6E9A7CC215E38B /* MTLTexture+Float.swift in Sources */ = {isa = PBXBuildFile; fileRef = 43E22D7A0140883B099F9575 /* MTLTexture+Float.swift */; };
		0467EC411F5F34CEB301AD44 /* OriginCalibration.swift in Sources */ = {isa = PBXBuildFile; fileRef = 3C7A7AEC708B6A6D20A32E9A /* OriginCalibration.swift */; };
		0CE7DA158E001CCFEB3188D5 /* Colormaps.metal in Sources */ = {isa = PBXBuildFile; fileRef = 463DA49B758FF0FCBEB55E2C /* Colormaps.metal */; };
		13501951A5098F3A832770F7 /* FFT2D.swift in Sources */ = {isa = PBXBuildFile; fileRef = 79664186A0EB1D10A699A864 /* FFT2D.swift */; };
		2A9B3DCD8F16BE7B13B299A4 /* OriginMeasure.metal in Sources */ = {isa = PBXBuildFile; fileRef = 5476B17B2615FB0737A25E53 /* OriginMeasure.metal */; };
		2C7D0B5BB7373421E0865756 /* MLXEngine.swift in Sources */ = {isa = PBXBuildFile; fileRef = F04E49785E01DECEA13B47EF /* MLXEngine.swift */; };
		2F4B8D7689D55EEAA10671A6 /* DiffractionView.swift in Sources */ = {isa = PBXBuildFile; fileRef = D6D5141B385442D5D3EAB902 /* DiffractionView.swift */; };
		32797ABE6C7FB369532C21F2 /* ProbeKernel.swift in Sources */ = {isa = PBXBuildFile; fileRef = 73B9C8099CBF73BE9E1FE263 /* ProbeKernel.swift */; };
		35872E853C76FA39E2968BFC /* CenterOfMass.metal in Sources */ = {isa = PBXBuildFile; fileRef = 7EE1A4C25568A0DDF16BB00B /* CenterOfMass.metal */; };
		56A17FDAE42F2D77B40D406D /* DatasetDescriptor.swift in Sources */ = {isa = PBXBuildFile; fileRef = 061668A602A055E35C9781A6 /* DatasetDescriptor.swift */; };
		57FEB66E53926DA96DF515AB /* AppState.swift in Sources */ = {isa = PBXBuildFile; fileRef = CD6CB52E93151AD5D0116BDB /* AppState.swift */; };
		6B6BBA5AAF1D531BBB313522 /* DPC.swift in Sources */ = {isa = PBXBuildFile; fileRef = 82D5DB656CA98F2FC7F372EA /* DPC.swift */; };
		6E392F550D365D8E2DB79DFD /* DatasetInspector.swift in Sources */ = {isa = PBXBuildFile; fileRef = B3F1CCACEB361F36F538EF09 /* DatasetInspector.swift */; };
		7531C77AD34EC0B9B3DBC56E /* H5Reader.swift in Sources */ = {isa = PBXBuildFile; fileRef = 46D617780CE551AC9191ADEF /* H5Reader.swift */; };
		793466414DFA6A17DFAD3753 /* VirtualMask.metal in Sources */ = {isa = PBXBuildFile; fileRef = 468572747DE5C3577FD538A2 /* VirtualMask.metal */; };
		7FADB4C6C999EA0706434A29 /* FourDSTEMApp.swift in Sources */ = {isa = PBXBuildFile; fileRef = 3ED02BE6E17568362A47D797 /* FourDSTEMApp.swift */; };
		80E3FB39DCB9A1EE9478F88A /* MetalImageView.swift in Sources */ = {isa = PBXBuildFile; fileRef = 01BEBFE1E21C4E15D526D2A3 /* MetalImageView.swift */; };
		85F16869F1AEF148D6C6393D /* VirtualDetector.swift in Sources */ = {isa = PBXBuildFile; fileRef = B6E1BFC5E281BC3921EEC8D8 /* VirtualDetector.swift */; };
		9734587CE2DCAFF625475630 /* Colormaps.swift in Sources */ = {isa = PBXBuildFile; fileRef = A6341A7BD7514CED5BF7E67C /* Colormaps.swift */; };
		A8BE7362903B1E38FFFCB45C /* DiffractionPattern.swift in Sources */ = {isa = PBXBuildFile; fileRef = 5D777093744E2C0BB093AC47 /* DiffractionPattern.swift */; };
		AC54617D5778CE9D51C3D1B2 /* OrientationResult.swift in Sources */ = {isa = PBXBuildFile; fileRef = 0443D21509B63BEC36655AD0 /* OrientationResult.swift */; };
		B7EE14112B4FEC9E16ADF4D4 /* StemImageView.swift in Sources */ = {isa = PBXBuildFile; fileRef = FA42C9EE6AEBB39460B9AC05 /* StemImageView.swift */; };
		BE9015B713D17D3739BBF9F8 /* SwiftUI+MTKView.swift in Sources */ = {isa = PBXBuildFile; fileRef = E0871ADC8D7A424C9B207D6B /* SwiftUI+MTKView.swift */; };
		C636AF8DE870D18A3C0CB2E1 /* Calibration.swift in Sources */ = {isa = PBXBuildFile; fileRef = 484B19180A87B91165804AEC /* Calibration.swift */; };
		CB7B5D71B2676F1C449C206C /* TemplateMatch.metal in Sources */ = {isa = PBXBuildFile; fileRef = 2C046C148EBCBB69B7FFF7ED /* TemplateMatch.metal */; };
		D05C7D731080AA5B895AA502 /* SidebarView.swift in Sources */ = {isa = PBXBuildFile; fileRef = 1D07AF4D732C375D3CED0F02 /* SidebarView.swift */; };
		D69ED2321BE18243CE6811CD /* ContentView.swift in Sources */ = {isa = PBXBuildFile; fileRef = 4A758AA46CEFA5C77231E81E /* ContentView.swift */; };
		D85D4CC871E1621E6145A52E /* FourDArray.swift in Sources */ = {isa = PBXBuildFile; fileRef = E51C393F25AF4D2E2A9C9516 /* FourDArray.swift */; };
		DB6EA83BE5A33EA174A1CD7A /* MetalEngine.swift in Sources */ = {isa = PBXBuildFile; fileRef = ABA9D79C99DA94970B4D56E5 /* MetalEngine.swift */; };
		DBC799EC4395FA4CD444320A /* ApertureControl.swift in Sources */ = {isa = PBXBuildFile; fileRef = 50A803958A1EB395BA133006 /* ApertureControl.swift */; };
		E22A2AA2731004D11B678152 /* VirtualAperture.metal in Sources */ = {isa = PBXBuildFile; fileRef = 0A623DAC2A1F5D9234811F5F /* VirtualAperture.metal */; };
		ECC2CF83EB72318DCD2EA95C /* DPStatistics.metal in Sources */ = {isa = PBXBuildFile; fileRef = E799C8AFA74464D569FBACD7 /* DPStatistics.metal */; };
		F167BBDFB0C7AF5C9929ABE4 /* RotationCalibration.swift in Sources */ = {isa = PBXBuildFile; fileRef = 58DEAB6E5F68851117BD195D /* RotationCalibration.swift */; };
		F5B9D5EDE8580C900E2D5887 /* DiskDetection.swift in Sources */ = {isa = PBXBuildFile; fileRef = 06BD9D8082CD8FDD5795F8C2 /* DiskDetection.swift */; };
/* End PBXBuildFile section */

/* Begin PBXFileReference section */
		01BEBFE1E21C4E15D526D2A3 /* MetalImageView.swift */ = {isa = PBXFileReference; lastKnownFileType = sourcecode.swift; path = MetalImageView.swift; sourceTree = "<group>"; };
		0443D21509B63BEC36655AD0 /* OrientationResult.swift */ = {isa = PBXFileReference; lastKnownFileType = sourcecode.swift; path = OrientationResult.swift; sourceTree = "<group>"; };
		061668A602A055E35C9781A6 /* DatasetDescriptor.swift */ = {isa = PBXFileReference; lastKnownFileType = sourcecode.swift; path = DatasetDescriptor.swift; sourceTree = "<group>"; };
		06BD9D8082CD8FDD5795F8C2 /* DiskDetection.swift */ = {isa = PBXFileReference; lastKnownFileType = sourcecode.swift; path = DiskDetection.swift; sourceTree = "<group>"; };
		0A623DAC2A1F5D9234811F5F /* VirtualAperture.metal */ = {isa = PBXFileReference; lastKnownFileType = sourcecode.metal; path = VirtualAperture.metal; sourceTree = "<group>"; };
		1D07AF4D732C375D3CED0F02 /* SidebarView.swift */ = {isa = PBXFileReference; lastKnownFileType = sourcecode.swift; path = SidebarView.swift; sourceTree = "<group>"; };
		2C046C148EBCBB69B7FFF7ED /* TemplateMatch.metal */ = {isa = PBXFileReference; lastKnownFileType = sourcecode.metal; path = TemplateMatch.metal; sourceTree = "<group>"; };
		32460E89AC508D25C35963D7 /* FourDSTEM-Bridging-Header.h */ = {isa = PBXFileReference; lastKnownFileType = sourcecode.c.h; path = "FourDSTEM-Bridging-Header.h"; sourceTree = "<group>"; };
		3C7A7AEC708B6A6D20A32E9A /* OriginCalibration.swift */ = {isa = PBXFileReference; lastKnownFileType = sourcecode.swift; path = OriginCalibration.swift; sourceTree = "<group>"; };
		3ED02BE6E17568362A47D797 /* FourDSTEMApp.swift */ = {isa = PBXFileReference; lastKnownFileType = sourcecode.swift; path = FourDSTEMApp.swift; sourceTree = "<group>"; };
		43E22D7A0140883B099F9575 /* MTLTexture+Float.swift */ = {isa = PBXFileReference; lastKnownFileType = sourcecode.swift; path = "MTLTexture+Float.swift"; sourceTree = "<group>"; };
		463DA49B758FF0FCBEB55E2C /* Colormaps.metal */ = {isa = PBXFileReference; lastKnownFileType = sourcecode.metal; path = Colormaps.metal; sourceTree = "<group>"; };
		468572747DE5C3577FD538A2 /* VirtualMask.metal */ = {isa = PBXFileReference; lastKnownFileType = sourcecode.metal; path = VirtualMask.metal; sourceTree = "<group>"; };
		46D617780CE551AC9191ADEF /* H5Reader.swift */ = {isa = PBXFileReference; lastKnownFileType = sourcecode.swift; path = H5Reader.swift; sourceTree = "<group>"; };
		484B19180A87B91165804AEC /* Calibration.swift */ = {isa = PBXFileReference; lastKnownFileType = sourcecode.swift; path = Calibration.swift; sourceTree = "<group>"; };
		4A758AA46CEFA5C77231E81E /* ContentView.swift */ = {isa = PBXFileReference; lastKnownFileType = sourcecode.swift; path = ContentView.swift; sourceTree = "<group>"; };
		4ED48BCF86815395486C3F8F /* FourDSTEM.app */ = {isa = PBXFileReference; explicitFileType = wrapper.application; includeInIndex = 0; path = FourDSTEM.app; sourceTree = BUILT_PRODUCTS_DIR; };
		50A803958A1EB395BA133006 /* ApertureControl.swift */ = {isa = PBXFileReference; lastKnownFileType = sourcecode.swift; path = ApertureControl.swift; sourceTree = "<group>"; };
		5476B17B2615FB0737A25E53 /* OriginMeasure.metal */ = {isa = PBXFileReference; lastKnownFileType = sourcecode.metal; path = OriginMeasure.metal; sourceTree = "<group>"; };
		58DEAB6E5F68851117BD195D /* RotationCalibration.swift */ = {isa = PBXFileReference; lastKnownFileType = sourcecode.swift; path = RotationCalibration.swift; sourceTree = "<group>"; };
		5D777093744E2C0BB093AC47 /* DiffractionPattern.swift */ = {isa = PBXFileReference; lastKnownFileType = sourcecode.swift; path = DiffractionPattern.swift; sourceTree = "<group>"; };
		73B9C8099CBF73BE9E1FE263 /* ProbeKernel.swift */ = {isa = PBXFileReference; lastKnownFileType = sourcecode.swift; path = ProbeKernel.swift; sourceTree = "<group>"; };
		79664186A0EB1D10A699A864 /* FFT2D.swift */ = {isa = PBXFileReference; lastKnownFileType = sourcecode.swift; path = FFT2D.swift; sourceTree = "<group>"; };
		7EE1A4C25568A0DDF16BB00B /* CenterOfMass.metal */ = {isa = PBXFileReference; lastKnownFileType = sourcecode.metal; path = CenterOfMass.metal; sourceTree = "<group>"; };
		82D5DB656CA98F2FC7F372EA /* DPC.swift */ = {isa = PBXFileReference; lastKnownFileType = sourcecode.swift; path = DPC.swift; sourceTree = "<group>"; };
		A6341A7BD7514CED5BF7E67C /* Colormaps.swift */ = {isa = PBXFileReference; lastKnownFileType = sourcecode.swift; path = Colormaps.swift; sourceTree = "<group>"; };
		ABA9D79C99DA94970B4D56E5 /* MetalEngine.swift */ = {isa = PBXFileReference; lastKnownFileType = sourcecode.swift; path = MetalEngine.swift; sourceTree = "<group>"; };
		B3F1CCACEB361F36F538EF09 /* DatasetInspector.swift */ = {isa = PBXFileReference; lastKnownFileType = sourcecode.swift; path = DatasetInspector.swift; sourceTree = "<group>"; };
		B6E1BFC5E281BC3921EEC8D8 /* VirtualDetector.swift */ = {isa = PBXFileReference; lastKnownFileType = sourcecode.swift; path = VirtualDetector.swift; sourceTree = "<group>"; };
		CD6CB52E93151AD5D0116BDB /* AppState.swift */ = {isa = PBXFileReference; lastKnownFileType = sourcecode.swift; path = AppState.swift; sourceTree = "<group>"; };
		D6D5141B385442D5D3EAB902 /* DiffractionView.swift */ = {isa = PBXFileReference; lastKnownFileType = sourcecode.swift; path = DiffractionView.swift; sourceTree = "<group>"; };
		E0871ADC8D7A424C9B207D6B /* SwiftUI+MTKView.swift */ = {isa = PBXFileReference; lastKnownFileType = sourcecode.swift; path = "SwiftUI+MTKView.swift"; sourceTree = "<group>"; };
		E51C393F25AF4D2E2A9C9516 /* FourDArray.swift */ = {isa = PBXFileReference; lastKnownFileType = sourcecode.swift; path = FourDArray.swift; sourceTree = "<group>"; };
		E799C8AFA74464D569FBACD7 /* DPStatistics.metal */ = {isa = PBXFileReference; lastKnownFileType = sourcecode.metal; path = DPStatistics.metal; sourceTree = "<group>"; };
		F04E49785E01DECEA13B47EF /* MLXEngine.swift */ = {isa = PBXFileReference; lastKnownFileType = sourcecode.swift; path = MLXEngine.swift; sourceTree = "<group>"; };
		FA42C9EE6AEBB39460B9AC05 /* StemImageView.swift */ = {isa = PBXFileReference; lastKnownFileType = sourcecode.swift; path = StemImageView.swift; sourceTree = "<group>"; };
/* End PBXFileReference section */

/* Begin PBXGroup section */
		2CAE4F32278FD4291C0860F7 /* Support */ = {
			isa = PBXGroup;
			children = (
				32460E89AC508D25C35963D7 /* FourDSTEM-Bridging-Header.h */,
			);
			path = Support;
			sourceTree = "<group>";
		};
		44FBEC7D9B99054BDADAE5B4 /* Data */ = {
			isa = PBXGroup;
			children = (
				484B19180A87B91165804AEC /* Calibration.swift */,
				061668A602A055E35C9781A6 /* DatasetDescriptor.swift */,
				5D777093744E2C0BB093AC47 /* DiffractionPattern.swift */,
				E51C393F25AF4D2E2A9C9516 /* FourDArray.swift */,
				46D617780CE551AC9191ADEF /* H5Reader.swift */,
			);
			path = Data;
			sourceTree = "<group>";
		};
		488AEF12B9015D6AF0D1517B /* Products */ = {
			isa = PBXGroup;
			children = (
				4ED48BCF86815395486C3F8F /* FourDSTEM.app */,
			);
			name = Products;
			sourceTree = "<group>";
		};
		760460C011D79F2C24AE968F /* Compute */ = {
			isa = PBXGroup;
			children = (
				79664186A0EB1D10A699A864 /* FFT2D.swift */,
				ABA9D79C99DA94970B4D56E5 /* MetalEngine.swift */,
				F04E49785E01DECEA13B47EF /* MLXEngine.swift */,
				43E22D7A0140883B099F9575 /* MTLTexture+Float.swift */,
			);
			path = Compute;
			sourceTree = "<group>";
		};
		A4743F023DD34C5C74C8A6ED /* App */ = {
			isa = PBXGroup;
			children = (
				CD6CB52E93151AD5D0116BDB /* AppState.swift */,
				3ED02BE6E17568362A47D797 /* FourDSTEMApp.swift */,
			);
			path = App;
			sourceTree = "<group>";
		};
		AAEE7C1D01654F115D843A89 = {
			isa = PBXGroup;
			children = (
				FCB2B8520D486AA7C20A738A /* FourDSTEM */,
				488AEF12B9015D6AF0D1517B /* Products */,
			);
			sourceTree = "<group>";
		};
		B6006C36E49A18A081DAF614 /* UI */ = {
			isa = PBXGroup;
			children = (
				50A803958A1EB395BA133006 /* ApertureControl.swift */,
				A6341A7BD7514CED5BF7E67C /* Colormaps.swift */,
				4A758AA46CEFA5C77231E81E /* ContentView.swift */,
				B3F1CCACEB361F36F538EF09 /* DatasetInspector.swift */,
				D6D5141B385442D5D3EAB902 /* DiffractionView.swift */,
				01BEBFE1E21C4E15D526D2A3 /* MetalImageView.swift */,
				1D07AF4D732C375D3CED0F02 /* SidebarView.swift */,
				FA42C9EE6AEBB39460B9AC05 /* StemImageView.swift */,
				E0871ADC8D7A424C9B207D6B /* SwiftUI+MTKView.swift */,
			);
			path = UI;
			sourceTree = "<group>";
		};
		C40D8D1CA12009F86128EAA7 /* Analysis */ = {
			isa = PBXGroup;
			children = (
				06BD9D8082CD8FDD5795F8C2 /* DiskDetection.swift */,
				82D5DB656CA98F2FC7F372EA /* DPC.swift */,
				0443D21509B63BEC36655AD0 /* OrientationResult.swift */,
				3C7A7AEC708B6A6D20A32E9A /* OriginCalibration.swift */,
				73B9C8099CBF73BE9E1FE263 /* ProbeKernel.swift */,
				58DEAB6E5F68851117BD195D /* RotationCalibration.swift */,
				B6E1BFC5E281BC3921EEC8D8 /* VirtualDetector.swift */,
			);
			path = Analysis;
			sourceTree = "<group>";
		};
		E7CDDAB060F116DD5DE87426 /* Shaders */ = {
			isa = PBXGroup;
			children = (
				7EE1A4C25568A0DDF16BB00B /* CenterOfMass.metal */,
				463DA49B758FF0FCBEB55E2C /* Colormaps.metal */,
				E799C8AFA74464D569FBACD7 /* DPStatistics.metal */,
				5476B17B2615FB0737A25E53 /* OriginMeasure.metal */,
				2C046C148EBCBB69B7FFF7ED /* TemplateMatch.metal */,
				0A623DAC2A1F5D9234811F5F /* VirtualAperture.metal */,
				468572747DE5C3577FD538A2 /* VirtualMask.metal */,
			);
			path = Shaders;
			sourceTree = "<group>";
		};
		E7E5D39E8238B8357DC43DD7 /* Core */ = {
			isa = PBXGroup;
			children = (
				C40D8D1CA12009F86128EAA7 /* Analysis */,
				760460C011D79F2C24AE968F /* Compute */,
				44FBEC7D9B99054BDADAE5B4 /* Data */,
			);
			path = Core;
			sourceTree = "<group>";
		};
		FCB2B8520D486AA7C20A738A /* FourDSTEM */ = {
			isa = PBXGroup;
			children = (
				A4743F023DD34C5C74C8A6ED /* App */,
				E7E5D39E8238B8357DC43DD7 /* Core */,
				E7CDDAB060F116DD5DE87426 /* Shaders */,
				2CAE4F32278FD4291C0860F7 /* Support */,
				B6006C36E49A18A081DAF614 /* UI */,
			);
			path = FourDSTEM;
			sourceTree = "<group>";
		};
/* End PBXGroup section */

/* Begin PBXNativeTarget section */
		82F2EEA06DC2406BE90030EF /* FourDSTEM */ = {
			isa = PBXNativeTarget;
			buildConfigurationList = 34D18BD2EBF4B39A3507A37A /* Build configuration list for PBXNativeTarget "FourDSTEM" */;
			buildPhases = (
				6B57660CD64E6C89D93DA648 /* Sources */,
			);
			buildRules = (
			);
			dependencies = (
			);
			name = FourDSTEM;
			packageProductDependencies = (
			);
			productName = FourDSTEM;
			productReference = 4ED48BCF86815395486C3F8F /* FourDSTEM.app */;
			productType = "com.apple.product-type.application";
		};
/* End PBXNativeTarget section */

/* Begin PBXProject section */
		74058F49BBBB359E1F1DA1AF /* Project object */ = {
			isa = PBXProject;
			attributes = {
				BuildIndependentTargetsInParallel = YES;
				LastUpgradeCheck = 1430;
				TargetAttributes = {
					82F2EEA06DC2406BE90030EF = {
						ProvisioningStyle = Automatic;
					};
				};
			};
			buildConfigurationList = 112DF9C971D69143E37D3E74 /* Build configuration list for PBXProject "FourDSTEM" */;
			developmentRegion = en;
			hasScannedForEncodings = 0;
			knownRegions = (
				Base,
				en,
			);
			mainGroup = AAEE7C1D01654F115D843A89;
			minimizedProjectReferenceProxies = 1;
			preferredProjectObjectVersion = 77;
			productRefGroup = 488AEF12B9015D6AF0D1517B /* Products */;
			projectDirPath = "";
			projectRoot = "";
			targets = (
				82F2EEA06DC2406BE90030EF /* FourDSTEM */,
			);
		};
/* End PBXProject section */

/* Begin PBXSourcesBuildPhase section */
		6B57660CD64E6C89D93DA648 /* Sources */ = {
			isa = PBXSourcesBuildPhase;
			buildActionMask = 2147483647;
			files = (
				DBC799EC4395FA4CD444320A /* ApertureControl.swift in Sources */,
				57FEB66E53926DA96DF515AB /* AppState.swift in Sources */,
				C636AF8DE870D18A3C0CB2E1 /* Calibration.swift in Sources */,
				35872E853C76FA39E2968BFC /* CenterOfMass.metal in Sources */,
				0CE7DA158E001CCFEB3188D5 /* Colormaps.metal in Sources */,
				9734587CE2DCAFF625475630 /* Colormaps.swift in Sources */,
				D69ED2321BE18243CE6811CD /* ContentView.swift in Sources */,
				6B6BBA5AAF1D531BBB313522 /* DPC.swift in Sources */,
				ECC2CF83EB72318DCD2EA95C /* DPStatistics.metal in Sources */,
				56A17FDAE42F2D77B40D406D /* DatasetDescriptor.swift in Sources */,
				6E392F550D365D8E2DB79DFD /* DatasetInspector.swift in Sources */,
				A8BE7362903B1E38FFFCB45C /* DiffractionPattern.swift in Sources */,
				2F4B8D7689D55EEAA10671A6 /* DiffractionView.swift in Sources */,
				F5B9D5EDE8580C900E2D5887 /* DiskDetection.swift in Sources */,
				13501951A5098F3A832770F7 /* FFT2D.swift in Sources */,
				D85D4CC871E1621E6145A52E /* FourDArray.swift in Sources */,
				7FADB4C6C999EA0706434A29 /* FourDSTEMApp.swift in Sources */,
				7531C77AD34EC0B9B3DBC56E /* H5Reader.swift in Sources */,
				2C7D0B5BB7373421E0865756 /* MLXEngine.swift in Sources */,
				01C3FE787C6E9A7CC215E38B /* MTLTexture+Float.swift in Sources */,
				DB6EA83BE5A33EA174A1CD7A /* MetalEngine.swift in Sources */,
				80E3FB39DCB9A1EE9478F88A /* MetalImageView.swift in Sources */,
				AC54617D5778CE9D51C3D1B2 /* OrientationResult.swift in Sources */,
				0467EC411F5F34CEB301AD44 /* OriginCalibration.swift in Sources */,
				2A9B3DCD8F16BE7B13B299A4 /* OriginMeasure.metal in Sources */,
				32797ABE6C7FB369532C21F2 /* ProbeKernel.swift in Sources */,
				F167BBDFB0C7AF5C9929ABE4 /* RotationCalibration.swift in Sources */,
				D05C7D731080AA5B895AA502 /* SidebarView.swift in Sources */,
				B7EE14112B4FEC9E16ADF4D4 /* StemImageView.swift in Sources */,
				BE9015B713D17D3739BBF9F8 /* SwiftUI+MTKView.swift in Sources */,
				CB7B5D71B2676F1C449C206C /* TemplateMatch.metal in Sources */,
				E22A2AA2731004D11B678152 /* VirtualAperture.metal in Sources */,
				85F16869F1AEF148D6C6393D /* VirtualDetector.swift in Sources */,
				793466414DFA6A17DFAD3753 /* VirtualMask.metal in Sources */,
			);
			runOnlyForDeploymentPostprocessing = 0;
		};
/* End PBXSourcesBuildPhase section */

/* Begin XCBuildConfiguration section */
		0D4A73B78F36DCD46B69B947 /* Release */ = {
			isa = XCBuildConfiguration;
			buildSettings = {
				ASSETCATALOG_COMPILER_APPICON_NAME = AppIcon;
				CODE_SIGN_STYLE = Automatic;
				COMBINE_HIDPI_IMAGES = YES;
				ENABLE_HARDENED_RUNTIME = NO;
				GENERATE_INFOPLIST_FILE = YES;
				HEADER_SEARCH_PATHS = /opt/homebrew/opt/hdf5/include;
				LD_RUNPATH_SEARCH_PATHS = (
					"$(inherited)",
					"@executable_path/../Frameworks",
				);
				LIBRARY_SEARCH_PATHS = /opt/homebrew/opt/hdf5/lib;
				MACOSX_DEPLOYMENT_TARGET = 14.0;
				OTHER_LDFLAGS = "-lhdf5";
				PRODUCT_BUNDLE_IDENTIFIER = com.paullobpreis.FourDSTEM;
				SDKROOT = macosx;
				SWIFT_OBJC_BRIDGING_HEADER = "FourDSTEM/Support/FourDSTEM-Bridging-Header.h";
			};
			name = Release;
		};
		1A9862F77EACE641FB1534E5 /* Debug */ = {
			isa = XCBuildConfiguration;
			buildSettings = {
				ASSETCATALOG_COMPILER_APPICON_NAME = AppIcon;
				CODE_SIGN_STYLE = Automatic;
				COMBINE_HIDPI_IMAGES = YES;
				ENABLE_HARDENED_RUNTIME = NO;
				GENERATE_INFOPLIST_FILE = YES;
				HEADER_SEARCH_PATHS = /opt/homebrew/opt/hdf5/include;
				LD_RUNPATH_SEARCH_PATHS = (
					"$(inherited)",
					"@executable_path/../Frameworks",
				);
				LIBRARY_SEARCH_PATHS = /opt/homebrew/opt/hdf5/lib;
				MACOSX_DEPLOYMENT_TARGET = 14.0;
				OTHER_LDFLAGS = "-lhdf5";
				PRODUCT_BUNDLE_IDENTIFIER = com.paullobpreis.FourDSTEM;
				SDKROOT = macosx;
				SWIFT_OBJC_BRIDGING_HEADER = "FourDSTEM/Support/FourDSTEM-Bridging-Header.h";
			};
			name = Debug;
		};
		3CE214291B00CBEA0F23CBCB /* Release */ = {
			isa = XCBuildConfiguration;
			buildSettings = {
				ALWAYS_SEARCH_USER_PATHS = NO;
				CLANG_ANALYZER_NONNULL = YES;
				CLANG_ANALYZER_NUMBER_OBJECT_CONVERSION = YES_AGGRESSIVE;
				CLANG_CXX_LANGUAGE_STANDARD = "gnu++14";
				CLANG_CXX_LIBRARY = "libc++";
				CLANG_ENABLE_MODULES = YES;
				CLANG_ENABLE_OBJC_ARC = YES;
				CLANG_ENABLE_OBJC_WEAK = YES;
				CLANG_WARN_BLOCK_CAPTURE_AUTORELEASING = YES;
				CLANG_WARN_BOOL_CONVERSION = YES;
				CLANG_WARN_COMMA = YES;
				CLANG_WARN_CONSTANT_CONVERSION = YES;
				CLANG_WARN_DEPRECATED_OBJC_IMPLEMENTATIONS = YES;
				CLANG_WARN_DIRECT_OBJC_ISA_USAGE = YES_ERROR;
				CLANG_WARN_DOCUMENTATION_COMMENTS = YES;
				CLANG_WARN_EMPTY_BODY = YES;
				CLANG_WARN_ENUM_CONVERSION = YES;
				CLANG_WARN_INFINITE_RECURSION = YES;
				CLANG_WARN_INT_CONVERSION = YES;
				CLANG_WARN_NON_LITERAL_NULL_CONVERSION = YES;
				CLANG_WARN_OBJC_IMPLICIT_RETAIN_SELF = YES;
				CLANG_WARN_OBJC_LITERAL_CONVERSION = YES;
				CLANG_WARN_OBJC_ROOT_CLASS = YES_ERROR;
				CLANG_WARN_QUOTED_INCLUDE_IN_FRAMEWORK_HEADER = YES;
				CLANG_WARN_RANGE_LOOP_ANALYSIS = YES;
				CLANG_WARN_STRICT_PROTOTYPES = YES;
				CLANG_WARN_SUSPICIOUS_MOVE = YES;
				CLANG_WARN_UNGUARDED_AVAILABILITY = YES_AGGRESSIVE;
				CLANG_WARN_UNREACHABLE_CODE = YES;
				CLANG_WARN__DUPLICATE_METHOD_MATCH = YES;
				COPY_PHASE_STRIP = NO;
				DEBUG_INFORMATION_FORMAT = "dwarf-with-dsym";
				ENABLE_NS_ASSERTIONS = NO;
				ENABLE_STRICT_OBJC_MSGSEND = YES;
				GCC_C_LANGUAGE_STANDARD = gnu11;
				GCC_NO_COMMON_BLOCKS = YES;
				GCC_WARN_64_TO_32_BIT_CONVERSION = YES;
				GCC_WARN_ABOUT_RETURN_TYPE = YES_ERROR;
				GCC_WARN_UNDECLARED_SELECTOR = YES;
				GCC_WARN_UNINITIALIZED_AUTOS = YES_AGGRESSIVE;
				GCC_WARN_UNUSED_FUNCTION = YES;
				GCC_WARN_UNUSED_VARIABLE = YES;
				MACOSX_DEPLOYMENT_TARGET = 14.0;
				MTL_ENABLE_DEBUG_INFO = NO;
				MTL_FAST_MATH = YES;
				PRODUCT_NAME = "$(TARGET_NAME)";
				SDKROOT = macosx;
				SWIFT_COMPILATION_MODE = wholemodule;
				SWIFT_OPTIMIZATION_LEVEL = "-O";
				SWIFT_VERSION = 5.0;
			};
			name = Release;
		};
		BF7A50320A5C5EF1750A20A5 /* Debug */ = {
			isa = XCBuildConfiguration;
			buildSettings = {
				ALWAYS_SEARCH_USER_PATHS = NO;
				CLANG_ANALYZER_NONNULL = YES;
				CLANG_ANALYZER_NUMBER_OBJECT_CONVERSION = YES_AGGRESSIVE;
				CLANG_CXX_LANGUAGE_STANDARD = "gnu++14";
				CLANG_CXX_LIBRARY = "libc++";
				CLANG_ENABLE_MODULES = YES;
				CLANG_ENABLE_OBJC_ARC = YES;
				CLANG_ENABLE_OBJC_WEAK = YES;
				CLANG_WARN_BLOCK_CAPTURE_AUTORELEASING = YES;
				CLANG_WARN_BOOL_CONVERSION = YES;
				CLANG_WARN_COMMA = YES;
				CLANG_WARN_CONSTANT_CONVERSION = YES;
				CLANG_WARN_DEPRECATED_OBJC_IMPLEMENTATIONS = YES;
				CLANG_WARN_DIRECT_OBJC_ISA_USAGE = YES_ERROR;
				CLANG_WARN_DOCUMENTATION_COMMENTS = YES;
				CLANG_WARN_EMPTY_BODY = YES;
				CLANG_WARN_ENUM_CONVERSION = YES;
				CLANG_WARN_INFINITE_RECURSION = YES;
				CLANG_WARN_INT_CONVERSION = YES;
				CLANG_WARN_NON_LITERAL_NULL_CONVERSION = YES;
				CLANG_WARN_OBJC_IMPLICIT_RETAIN_SELF = YES;
				CLANG_WARN_OBJC_LITERAL_CONVERSION = YES;
				CLANG_WARN_OBJC_ROOT_CLASS = YES_ERROR;
				CLANG_WARN_QUOTED_INCLUDE_IN_FRAMEWORK_HEADER = YES;
				CLANG_WARN_RANGE_LOOP_ANALYSIS = YES;
				CLANG_WARN_STRICT_PROTOTYPES = YES;
				CLANG_WARN_SUSPICIOUS_MOVE = YES;
				CLANG_WARN_UNGUARDED_AVAILABILITY = YES_AGGRESSIVE;
				CLANG_WARN_UNREACHABLE_CODE = YES;
				CLANG_WARN__DUPLICATE_METHOD_MATCH = YES;
				COPY_PHASE_STRIP = NO;
				DEBUG_INFORMATION_FORMAT = dwarf;
				ENABLE_STRICT_OBJC_MSGSEND = YES;
				ENABLE_TESTABILITY = YES;
				GCC_C_LANGUAGE_STANDARD = gnu11;
				GCC_DYNAMIC_NO_PIC = NO;
				GCC_NO_COMMON_BLOCKS = YES;
				GCC_OPTIMIZATION_LEVEL = 0;
				GCC_PREPROCESSOR_DEFINITIONS = (
					"$(inherited)",
					"DEBUG=1",
				);
				GCC_WARN_64_TO_32_BIT_CONVERSION = YES;
				GCC_WARN_ABOUT_RETURN_TYPE = YES_ERROR;
				GCC_WARN_UNDECLARED_SELECTOR = YES;
				GCC_WARN_UNINITIALIZED_AUTOS = YES_AGGRESSIVE;
				GCC_WARN_UNUSED_FUNCTION = YES;
				GCC_WARN_UNUSED_VARIABLE = YES;
				MACOSX_DEPLOYMENT_TARGET = 14.0;
				MTL_ENABLE_DEBUG_INFO = INCLUDE_SOURCE;
				MTL_FAST_MATH = YES;
				ONLY_ACTIVE_ARCH = YES;
				PRODUCT_NAME = "$(TARGET_NAME)";
				SDKROOT = macosx;
				SWIFT_ACTIVE_COMPILATION_CONDITIONS = DEBUG;
				SWIFT_OPTIMIZATION_LEVEL = "-Onone";
				SWIFT_VERSION = 5.0;
			};
			name = Debug;
		};
/* End XCBuildConfiguration section */

/* Begin XCConfigurationList section */
		112DF9C971D69143E37D3E74 /* Build configuration list for PBXProject "FourDSTEM" */ = {
			isa = XCConfigurationList;
			buildConfigurations = (
				BF7A50320A5C5EF1750A20A5 /* Debug */,
				3CE214291B00CBEA0F23CBCB /* Release */,
			);
			defaultConfigurationIsVisible = 0;
			defaultConfigurationName = Debug;
		};
		34D18BD2EBF4B39A3507A37A /* Build configuration list for PBXNativeTarget "FourDSTEM" */ = {
			isa = XCConfigurationList;
			buildConfigurations = (
				1A9862F77EACE641FB1534E5 /* Debug */,
				0D4A73B78F36DCD46B69B947 /* Release */,
			);
			defaultConfigurationIsVisible = 0;
			defaultConfigurationName = Debug;
		};
/* End XCConfigurationList section */
	};
	rootObject = 74058F49BBBB359E1F1DA1AF /* Project object */;
}
